
Microsoft Visual Studio Solution File, Format Version 12.00
# Visual Studio 2013
Project("{FAE04EC0-301F-11D3-BF4B-00C04F79EFBC}") = "initial-demo.CSharp.Plugins", "initial-demo.CSharp.Plugins.csproj", "{EB5ACDA1-359F-2C7E-C107-106B39935D47}"
EndProject
Project("{FAE04EC0-301F-11D3-BF4B-00C04F79EFBC}") = "initial-demo.CSharp", "initial-demo.CSharp.csproj", "{F9D3F372-A5C9-A59C-C300-56ECED3A0689}"
EndProject
Project("{FAE04EC0-301F-11D3-BF4B-00C04F79EFBC}") = "initial-demo.CSharp.Editor", "initial-demo.CSharp.Editor.csproj", "{FF07B266-66E1-A2D0-6C7C-5397F116F8BF}"
EndProject
Global
	GlobalSection(SolutionConfigurationPlatforms) = preSolution
		Debug|Any CPU = Debug|Any CPU
		Release|Any CPU = Release|Any CPU
	EndGlobalSection
	GlobalSection(ProjectConfigurationPlatforms) = postSolution
		{EB5ACDA1-359F-2C7E-C107-106B39935D47}.Debug|Any CPU.ActiveCfg = Debug|Any CPU
		{EB5ACDA1-359F-2C7E-C107-106B39935D47}.Debug|Any CPU.Build.0 = Debug|Any CPU
		{EB5ACDA1-359F-2C7E-C107-106B39935D47}.Release|Any CPU.ActiveCfg = Release|Any CPU
		{EB5ACDA1-359F-2C7E-C107-106B39935D47}.Release|Any CPU.Build.0 = Release|Any CPU
		{F9D3F372-A5C9-A59C-C300-56ECED3A0689}.Debug|Any CPU.ActiveCfg = Debug|Any CPU
		{F9D3F372-A5C9-A59C-C300-56ECED3A0689}.Debug|Any CPU.Build.0 = Debug|Any CPU
		{F9D3F372-A5C9-A59C-C300-56ECED3A0689}.Release|Any CPU.ActiveCfg = Release|Any CPU
		{F9D3F372-A5C9-A59C-C300-56ECED3A0689}.Release|Any CPU.Build.0 = Release|Any CPU
		{FF07B266-66E1-A2D0-6C7C-5397F116F8BF}.Debug|Any CPU.ActiveCfg = Debug|Any CPU
		{FF07B266-66E1-A2D0-6C7C-5397F116F8BF}.Debug|Any CPU.Build.0 = Debug|Any CPU
		{FF07B266-66E1-A2D0-6C7C-5397F116F8BF}.Release|Any CPU.ActiveCfg = Release|Any CPU
		{FF07B266-66E1-A2D0-6C7C-5397F116F8BF}.Release|Any CPU.Build.0 = Release|Any CPU
	EndGlobalSection
	GlobalSection(SolutionProperties) = preSolution
		HideSolutionNode = FALSE
	EndGlobalSection
EndGlobal
